
Microsoft Visual Studio Solution File, Format Version 12.00
# Visual Studio 15
VisualStudioVersion = 15.0.28307.779
MinimumVisualStudioVersion = 10.0.40219.1
Project("{FAE04EC0-301F-11D3-BF4B-00C04F79EFBC}") = "Ex31", "Ex31\Ex31.csproj", "{A9DA4AF6-F9B3-4274-95EC-AA810E30FA8B}"
EndProject
Global
	GlobalSection(SolutionConfigurationPlatforms) = preSolution
		Debug|Any CPU = Debug|Any CPU
		Release|Any CPU = Release|Any CPU
	EndGlobalSection
	GlobalSection(ProjectConfigurationPlatforms) = postSolution
		{A9DA4AF6-F9B3-4274-95EC-AA810E30FA8B}.Debug|Any CPU.ActiveCfg = Debug|Any CPU
		{A9DA4AF6-F9B3-4274-95EC-AA810E30FA8B}.Debug|Any CPU.Build.0 = Debug|Any CPU
		{A9DA4AF6-F9B3-4274-95EC-AA810E30FA8B}.Release|Any CPU.ActiveCfg = Release|Any CPU
		{A9DA4AF6-F9B3-4274-95EC-AA810E30FA8B}.Release|Any CPU.Build.0 = Release|Any CPU
	EndGlobalSection
	GlobalSection(SolutionProperties) = preSolution
		HideSolutionNode = FALSE
	EndGlobalSection
	GlobalSection(ExtensibilityGlobals) = postSolution
		SolutionGuid = {D4777CE8-18FC-406D-AA91-DBE9896D0BC8}
	EndGlobalSection
EndGlobal
