
Microsoft Visual Studio Solution File, Format Version 12.00
# Visual Studio 15
VisualStudioVersion = 15.0.28307.779
MinimumVisualStudioVersion = 10.0.40219.1
Project("{FAE04EC0-301F-11D3-BF4B-00C04F79EFBC}") = "Ex72", "Ex72\Ex72.csproj", "{98A736E9-29E5-40EC-83D3-1CC4FD23AFA3}"
EndProject
Global
	GlobalSection(SolutionConfigurationPlatforms) = preSolution
		Debug|Any CPU = Debug|Any CPU
		Release|Any CPU = Release|Any CPU
	EndGlobalSection
	GlobalSection(ProjectConfigurationPlatforms) = postSolution
		{98A736E9-29E5-40EC-83D3-1CC4FD23AFA3}.Debug|Any CPU.ActiveCfg = Debug|Any CPU
		{98A736E9-29E5-40EC-83D3-1CC4FD23AFA3}.Debug|Any CPU.Build.0 = Debug|Any CPU
		{98A736E9-29E5-40EC-83D3-1CC4FD23AFA3}.Release|Any CPU.ActiveCfg = Release|Any CPU
		{98A736E9-29E5-40EC-83D3-1CC4FD23AFA3}.Release|Any CPU.Build.0 = Release|Any CPU
	EndGlobalSection
	GlobalSection(SolutionProperties) = preSolution
		HideSolutionNode = FALSE
	EndGlobalSection
	GlobalSection(ExtensibilityGlobals) = postSolution
		SolutionGuid = {F60AB187-D4C9-4940-AEC8-6CE34E4D9D8E}
	EndGlobalSection
EndGlobal
